
Microsoft Visual Studio Solution File, Format Version 12.00
# Visual Studio Version 16
VisualStudioVersion = 16.0.30225.117
MinimumVisualStudioVersion = 10.0.40219.1
Project("{FAE04EC0-301F-11D3-BF4B-00C04F79EFBC}") = "PtCounter", "PtCounter\PtCounter.csproj", "{34AABEAF-4A7F-40FA-8B5A-1156A9E25113}"
EndProject
Project("{9A19103F-16F7-4668-BE54-9A1E7A4F7556}") = "PtCounterWeb", "PtCounterWeb\PtCounterWeb.csproj", "{31E8BF90-BD52-408A-A11C-FEC9EE33804A}"
EndProject
Global
	GlobalSection(SolutionConfigurationPlatforms) = preSolution
		Debug|Any CPU = Debug|Any CPU
		Release|Any CPU = Release|Any CPU
	EndGlobalSection
	GlobalSection(ProjectConfigurationPlatforms) = postSolution
		{34AABEAF-4A7F-40FA-8B5A-1156A9E25113}.Debug|Any CPU.ActiveCfg = Debug|Any CPU
		{34AABEAF-4A7F-40FA-8B5A-1156A9E25113}.Debug|Any CPU.Build.0 = Debug|Any CPU
		{34AABEAF-4A7F-40FA-8B5A-1156A9E25113}.Release|Any CPU.ActiveCfg = Release|Any CPU
		{34AABEAF-4A7F-40FA-8B5A-1156A9E25113}.Release|Any CPU.Build.0 = Release|Any CPU
		{31E8BF90-BD52-408A-A11C-FEC9EE33804A}.Debug|Any CPU.ActiveCfg = Debug|Any CPU
		{31E8BF90-BD52-408A-A11C-FEC9EE33804A}.Debug|Any CPU.Build.0 = Debug|Any CPU
		{31E8BF90-BD52-408A-A11C-FEC9EE33804A}.Release|Any CPU.ActiveCfg = Release|Any CPU
		{31E8BF90-BD52-408A-A11C-FEC9EE33804A}.Release|Any CPU.Build.0 = Release|Any CPU
	EndGlobalSection
	GlobalSection(SolutionProperties) = preSolution
		HideSolutionNode = FALSE
	EndGlobalSection
	GlobalSection(ExtensibilityGlobals) = postSolution
		SolutionGuid = {4C0704AB-74B5-4084-9D36-AD40C2CFCA26}
	EndGlobalSection
EndGlobal
